
Microsoft Visual Studio Solution File, Format Version 12.00
# Visual Studio Version 17
VisualStudioVersion = 17.5.002.0
MinimumVisualStudioVersion = 10.0.40219.1
Project("{9A19103F-16F7-4668-BE54-9A1E7A4F7556}") = "GdMMVC", "GdMMVC.csproj", "{B660FCE1-8A71-4E89-BA1F-3E692C77BB95}"
EndProject
Global
	GlobalSection(SolutionConfigurationPlatforms) = preSolution
		Debug|Any CPU = Debug|Any CPU
		Release|Any CPU = Release|Any CPU
	EndGlobalSection
	GlobalSection(ProjectConfigurationPlatforms) = postSolution
		{B660FCE1-8A71-4E89-BA1F-3E692C77BB95}.Debug|Any CPU.ActiveCfg = Debug|Any CPU
		{B660FCE1-8A71-4E89-BA1F-3E692C77BB95}.Debug|Any CPU.Build.0 = Debug|Any CPU
		{B660FCE1-8A71-4E89-BA1F-3E692C77BB95}.Release|Any CPU.ActiveCfg = Release|Any CPU
		{B660FCE1-8A71-4E89-BA1F-3E692C77BB95}.Release|Any CPU.Build.0 = Release|Any CPU
	EndGlobalSection
	GlobalSection(SolutionProperties) = preSolution
		HideSolutionNode = FALSE
	EndGlobalSection
	GlobalSection(ExtensibilityGlobals) = postSolution
		SolutionGuid = {BAFBBC96-5BBB-4057-944A-5F89F7F1C460}
	EndGlobalSection
EndGlobal
